<?xml version="1.0" encoding="utf-8"?>
<Project ToolsVersion="4.0" xmlns="http://schemas.microsoft.com/developer/msbuild/2003">
  <ItemGroup>
    <Filter Include="源文件">
      <UniqueIdentifier>{4FC737F1-C7A5-4376-A066-2A32D752A2FF}</UniqueIdentifier>
      <Extensions>cpp;c;cc;cxx;c++;cppm;ixx;def;odl;idl;hpj;bat;asm;asmx</Extensions>
    </Filter>
    <Filter Include="头文件">
      <UniqueIdentifier>{93995380-89BD-4b04-88EB-625FBE52EBFB}</UniqueIdentifier>
      <Extensions>h;hh;hpp;hxx;h++;hm;inl;inc;ipp;xsd</Extensions>
    </Filter>
    <Filter Include="资源文件">
      <UniqueIdentifier>{67DA6AB6-F800-4c08-8B7A-83BB121AAD01}</UniqueIdentifier>
      <Extensions>rc;ico;cur;bmp;dlg;rc2;rct;bin;rgs;gif;jpg;jpeg;jpe;resx;tiff;tif;png;wav;mfcribbon-ms</Extensions>
    </Filter>
  </ItemGroup>
  <ItemGroup>
    <ClInclude Include="framework.h">
      <Filter>头文件</Filter>
    </ClInclude>
    <ClInclude Include="targetver.h">
      <Filter>头文件</Filter>
    </ClInclude>
    <ClInclude Include="Resource.h">
      <Filter>头文件</Filter>
    </ClInclude>
    <ClInclude Include="J1979Tester.h">
      <Filter>头文件</Filter>
    </ClInclude>
    <ClInclude Include="CTesterMainFrame.h">
      <Filter>头文件</Filter>
    </ClInclude>
    <ClInclude Include="CVehicleInfoFrame.h">
      <Filter>头文件</Filter>
    </ClInclude>
    <ClInclude Include="CPINToolFrame.h">
      <Filter>头文件</Filter>
    </ClInclude>
    <ClInclude Include="CVehicleDTCFrame.h">
      <Filter>头文件</Filter>
    </ClInclude>
    <ClInclude Include="CVehicleDiagFrame.h">
      <Filter>头文件</Filter>
    </ClInclude>
    <ClInclude Include="CVehicleMonFrame.h">
      <Filter>头文件</Filter>
    </ClInclude>
    <ClInclude Include="CVehicleSpecFuncFrame.h">
      <Filter>头文件</Filter>
    </ClInclude>
    <ClInclude Include="CBusyBoxDlg.h">
      <Filter>头文件</Filter>
    </ClInclude>
    <ClInclude Include="CVehicleComm.h">
      <Filter>头文件</Filter>
    </ClInclude>
    <ClInclude Include="j2534.h">
      <Filter>头文件</Filter>
    </ClInclude>
    <ClInclude Include="j2534_v0404.h">
      <Filter>头文件</Filter>
    </ClInclude>
    <ClInclude Include="CMessageBoxDlg.h">
      <Filter>头文件</Filter>
    </ClInclude>
    <ClInclude Include="CVehicleDatabase.h">
      <Filter>头文件</Filter>
    </ClInclude>
    <ClInclude Include="MenuNotify.h">
      <Filter>头文件</Filter>
    </ClInclude>
    <ClInclude Include="UICrack.h">
      <Filter>头文件</Filter>
    </ClInclude>
    <ClInclude Include="UIMenu.h">
      <Filter>头文件</Filter>
    </ClInclude>
    <ClInclude Include="observer_impl_base.hpp">
      <Filter>头文件</Filter>
    </ClInclude>
    <ClInclude Include="CUpgradeDlg.h">
      <Filter>头文件</Filter>
    </ClInclude>
    <ClInclude Include="CFTPDownloader.h">
      <Filter>头文件</Filter>
    </ClInclude>
    <ClInclude Include="CYesNoMBDlg.h">
      <Filter>头文件</Filter>
    </ClInclude>
  </ItemGroup>
  <ItemGroup>
    <ClCompile Include="J1979Tester.cpp">
      <Filter>源文件</Filter>
    </ClCompile>
    <ClCompile Include="CTesterMainFrame.cpp">
      <Filter>源文件</Filter>
    </ClCompile>
    <ClCompile Include="CVehicleInfoFrame.cpp">
      <Filter>源文件</Filter>
    </ClCompile>
    <ClCompile Include="CPINToolFrame.cpp">
      <Filter>源文件</Filter>
    </ClCompile>
    <ClCompile Include="CVehicleDTCFrame.cpp">
      <Filter>源文件</Filter>
    </ClCompile>
    <ClCompile Include="CVehicleDiagFrame.cpp">
      <Filter>源文件</Filter>
    </ClCompile>
    <ClCompile Include="CVehicleMonFrame.cpp">
      <Filter>源文件</Filter>
    </ClCompile>
    <ClCompile Include="CVehicleSpecFuncFrame.cpp">
      <Filter>源文件</Filter>
    </ClCompile>
    <ClCompile Include="CVehicleComm.cpp">
      <Filter>源文件</Filter>
    </ClCompile>
    <ClCompile Include="j2534.cpp">
      <Filter>源文件</Filter>
    </ClCompile>
    <ClCompile Include="CVehicleDatabase.cpp">
      <Filter>源文件</Filter>
    </ClCompile>
    <ClCompile Include="MenuNotify.cpp">
      <Filter>源文件</Filter>
    </ClCompile>
    <ClCompile Include="UICrack.cpp">
      <Filter>源文件</Filter>
    </ClCompile>
    <ClCompile Include="UIMenu.cpp">
      <Filter>源文件</Filter>
    </ClCompile>
    <ClCompile Include="CFTPDownloader.cpp">
      <Filter>源文件</Filter>
    </ClCompile>
  </ItemGroup>
  <ItemGroup>
    <ResourceCompile Include="J1979Tester.rc">
      <Filter>资源文件</Filter>
    </ResourceCompile>
  </ItemGroup>
  <ItemGroup>
    <Image Include="small.ico">
      <Filter>资源文件</Filter>
    </Image>
    <Image Include="J1979Tester.ico">
      <Filter>资源文件</Filter>
    </Image>
  </ItemGroup>
</Project>